// !$*UTF8*$!
{
	archiveVersion = 1;
	classes = {
	};
	objectVersion = 50;
	objects = {

/* Begin PBXBuildFile section */
		007B816F20D18A890081D107 /* AppDelegate.swift in Sources */ = {isa = PBXBuildFile; fileRef = 007B816E20D18A890081D107 /* AppDelegate.swift */; };
		007B817120D18A890081D107 /* ViewController.swift in Sources */ = {isa = PBXBuildFile; fileRef = 007B817020D18A890081D107 /* ViewController.swift */; };
		007B817420D18A890081D107 /* Main.storyboard in Resources */ = {isa = PBXBuildFile; fileRef = 007B817220D18A890081D107 /* Main.storyboard */; };
		007B817620D18A8A0081D107 /* Assets.xcassets in Resources */ = {isa = PBXBuildFile; fileRef = 007B817520D18A8A0081D107 /* Assets.xcassets */; };
		007B817920D18A8A0081D107 /* LaunchScreen.storyboard in Resources */ = {isa = PBXBuildFile; fileRef = 007B817720D18A8A0081D107 /* LaunchScreen.storyboard */; };
		007B818120D18EF00081D107 /* Socket.swift in Sources */ = {isa = PBXBuildFile; fileRef = 007B818020D18EF00081D107 /* Socket.swift */; };
		007B818320D1AF210081D107 /* VisionData.swift in Sources */ = {isa = PBXBuildFile; fileRef = 007B818220D1AF210081D107 /* VisionData.swift */; };
		B9AB289047912D738FEB34B7 /* Pods_BlueSocketNetworking.framework in Frameworks */ = {isa = PBXBuildFile; fileRef = 08B40AEA0F322AC29C4C4774 /* Pods_BlueSocketNetworking.framework */; };
/* End PBXBuildFile section */

/* Begin PBXFileReference section */
		007B816B20D18A890081D107 /* BlueSocketNetworking.app */ = {isa = PBXFileReference; explicitFileType = wrapper.application; includeInIndex = 0; path = BlueSocketNetworking.app; sourceTree = BUILT_PRODUCTS_DIR; };
		007B816E20D18A890081D107 /* AppDelegate.swift */ = {isa = PBXFileReference; lastKnownFileType = sourcecode.swift; path = AppDelegate.swift; sourceTree = "<group>"; };
		007B817020D18A890081D107 /* ViewController.swift */ = {isa = PBXFileReference; lastKnownFileType = sourcecode.swift; path = ViewController.swift; sourceTree = "<group>"; };
		007B817320D18A890081D107 /* Base */ = {isa = PBXFileReference; lastKnownFileType = file.storyboard; name = Base; path = Base.lproj/Main.storyboard; sourceTree = "<group>"; };
		007B817520D18A8A0081D107 /* Assets.xcassets */ = {isa = PBXFileReference; lastKnownFileType = folder.assetcatalog; path = Assets.xcassets; sourceTree = "<group>"; };
		007B817820D18A8A0081D107 /* Base */ = {isa = PBXFileReference; lastKnownFileType = file.storyboard; name = Base; path = Base.lproj/LaunchScreen.storyboard; sourceTree = "<group>"; };
		007B817A20D18A8A0081D107 /* Info.plist */ = {isa = PBXFileReference; lastKnownFileType = text.plist.xml; path = Info.plist; sourceTree = "<group>"; };
		007B818020D18EF00081D107 /* Socket.swift */ = {isa = PBXFileReference; lastKnownFileType = sourcecode.swift; path = Socket.swift; sourceTree = "<group>"; };
		007B818220D1AF210081D107 /* VisionData.swift */ = {isa = PBXFileReference; lastKnownFileType = sourcecode.swift; path = VisionData.swift; sourceTree = "<group>"; };
		08B40AEA0F322AC29C4C4774 /* Pods_BlueSocketNetworking.framework */ = {isa = PBXFileReference; explicitFileType = wrapper.framework; includeInIndex = 0; path = Pods_BlueSocketNetworking.framework; sourceTree = BUILT_PRODUCTS_DIR; };
		EF1AD5A127DE1766B9E58E9A /* Pods-BlueSocketNetworking.release.xcconfig */ = {isa = PBXFileReference; includeInIndex = 1; lastKnownFileType = text.xcconfig; name = "Pods-BlueSocketNetworking.release.xcconfig"; path = "Pods/Target Support Files/Pods-BlueSocketNetworking/Pods-BlueSocketNetworking.release.xcconfig"; sourceTree = "<group>"; };
		F9505DAB63A62BF2CA55245B /* Pods-BlueSocketNetworking.debug.xcconfig */ = {isa = PBXFileReference; includeInIndex = 1; lastKnownFileType = text.xcconfig; name = "Pods-BlueSocketNetworking.debug.xcconfig"; path = "Pods/Target Support Files/Pods-BlueSocketNetworking/Pods-BlueSocketNetworking.debug.xcconfig"; sourceTree = "<group>"; };
/* End PBXFileReference section */

/* Begin PBXFrameworksBuildPhase section */
		007B816820D18A890081D107 /* Frameworks */ = {
			isa = PBXFrameworksBuildPhase;
			buildActionMask = 2147483647;
			files = (
				B9AB289047912D738FEB34B7 /* Pods_BlueSocketNetworking.framework in Frameworks */,
			);
			runOnlyForDeploymentPostprocessing = 0;
		};
/* End PBXFrameworksBuildPhase section */

/* Begin PBXGroup section */
		007B816220D18A890081D107 = {
			isa = PBXGroup;
			children = (
				007B816D20D18A890081D107 /* BlueSocketNetworking */,
				007B816C20D18A890081D107 /* Products */,
				FD5828C5582B02D7B5154D40 /* Pods */,
				2B8030D6C55E726912F5FDAC /* Frameworks */,
			);
			sourceTree = "<group>";
		};
		007B816C20D18A890081D107 /* Products */ = {
			isa = PBXGroup;
			children = (
				007B816B20D18A890081D107 /* BlueSocketNetworking.app */,
			);
			name = Products;
			sourceTree = "<group>";
		};
		007B816D20D18A890081D107 /* BlueSocketNetworking */ = {
			isa = PBXGroup;
			children = (
				007B816E20D18A890081D107 /* AppDelegate.swift */,
				007B817020D18A890081D107 /* ViewController.swift */,
				007B818020D18EF00081D107 /* Socket.swift */,
				007B818220D1AF210081D107 /* VisionData.swift */,
				007B817220D18A890081D107 /* Main.storyboard */,
				007B817520D18A8A0081D107 /* Assets.xcassets */,
				007B817720D18A8A0081D107 /* LaunchScreen.storyboard */,
				007B817A20D18A8A0081D107 /* Info.plist */,
			);
			path = BlueSocketNetworking;
			sourceTree = "<group>";
		};
		2B8030D6C55E726912F5FDAC /* Frameworks */ = {
			isa = PBXGroup;
			children = (
				08B40AEA0F322AC29C4C4774 /* Pods_BlueSocketNetworking.framework */,
			);
			name = Frameworks;
			sourceTree = "<group>";
		};
		FD5828C5582B02D7B5154D40 /* Pods */ = {
			isa = PBXGroup;
			children = (
				F9505DAB63A62BF2CA55245B /* Pods-BlueSocketNetworking.debug.xcconfig */,
				EF1AD5A127DE1766B9E58E9A /* Pods-BlueSocketNetworking.release.xcconfig */,
			);
			name = Pods;
			sourceTree = "<group>";
		};
/* End PBXGroup section */

/* Begin PBXNativeTarget section */
		007B816A20D18A890081D107 /* BlueSocketNetworking */ = {
			isa = PBXNativeTarget;
			buildConfigurationList = 007B817D20D18A8A0081D107 /* Build configuration list for PBXNativeTarget "BlueSocketNetworking" */;
			buildPhases = (
				BA7DFF8CE29551F2C270C28D /* [CP] Check Pods Manifest.lock */,
				007B816720D18A890081D107 /* Sources */,
				007B816820D18A890081D107 /* Frameworks */,
				007B816920D18A890081D107 /* Resources */,
				CCC614B85E3BD55101DE6DEB /* [CP] Embed Pods Frameworks */,
			);
			buildRules = (
			);
			dependencies = (
			);
			name = BlueSocketNetworking;
			productName = BlueSocketNetworking;
			productReference = 007B816B20D18A890081D107 /* BlueSocketNetworking.app */;
			productType = "com.apple.product-type.application";
		};
/* End PBXNativeTarget section */

/* Begin PBXProject section */
		007B816320D18A890081D107 /* Project object */ = {
			isa = PBXProject;
			attributes = {
				LastSwiftUpdateCheck = 1000;
				LastUpgradeCheck = 0940;
				ORGANIZATIONNAME = "Connor Espenshade";
				TargetAttributes = {
					007B816A20D18A890081D107 = {
						CreatedOnToolsVersion = 9.4;
					};
				};
			};
			buildConfigurationList = 007B816620D18A890081D107 /* Build configuration list for PBXProject "BlueSocketNetworking" */;
			compatibilityVersion = "Xcode 9.3";
			developmentRegion = en;
			hasScannedForEncodings = 0;
			knownRegions = (
				en,
				Base,
			);
			mainGroup = 007B816220D18A890081D107;
			productRefGroup = 007B816C20D18A890081D107 /* Products */;
			projectDirPath = "";
			projectRoot = "";
			targets = (
				007B816A20D18A890081D107 /* BlueSocketNetworking */,
			);
		};
/* End PBXProject section */

/* Begin PBXResourcesBuildPhase section */
		007B816920D18A890081D107 /* Resources */ = {
			isa = PBXResourcesBuildPhase;
			buildActionMask = 2147483647;
			files = (
				007B817920D18A8A0081D107 /* LaunchScreen.storyboard in Resources */,
				007B817620D18A8A0081D107 /* Assets.xcassets in Resources */,
				007B817420D18A890081D107 /* Main.storyboard in Resources */,
			);
			runOnlyForDeploymentPostprocessing = 0;
		};
/* End PBXResourcesBuildPhase section */

/* Begin PBXShellScriptBuildPhase section */
		BA7DFF8CE29551F2C270C28D /* [CP] Check Pods Manifest.lock */ = {
			isa = PBXShellScriptBuildPhase;
			buildActionMask = 2147483647;
			files = (
			);
			inputPaths = (
				"${PODS_PODFILE_DIR_PATH}/Podfile.lock",
				"${PODS_ROOT}/Manifest.lock",
			);
			name = "[CP] Check Pods Manifest.lock";
			outputPaths = (
				"$(DERIVED_FILE_DIR)/Pods-BlueSocketNetworking-checkManifestLockResult.txt",
			);
			runOnlyForDeploymentPostprocessing = 0;
			shellPath = /bin/sh;
			shellScript = "diff \"${PODS_PODFILE_DIR_PATH}/Podfile.lock\" \"${PODS_ROOT}/Manifest.lock\" > /dev/null\nif [ $? != 0 ] ; then\n    # print error to STDERR\n    echo \"error: The sandbox is not in sync with the Podfile.lock. Run 'pod install' or update your CocoaPods installation.\" >&2\n    exit 1\nfi\n# This output is used by Xcode 'outputs' to avoid re-running this script phase.\necho \"SUCCESS\" > \"${SCRIPT_OUTPUT_FILE_0}\"\n";
			showEnvVarsInLog = 0;
		};
		CCC614B85E3BD55101DE6DEB /* [CP] Embed Pods Frameworks */ = {
			isa = PBXShellScriptBuildPhase;
			buildActionMask = 2147483647;
			files = (
			);
			inputPaths = (
				"${SRCROOT}/Pods/Target Support Files/Pods-BlueSocketNetworking/Pods-BlueSocketNetworking-frameworks.sh",
				"${BUILT_PRODUCTS_DIR}/BlueSocket/Socket.framework",
			);
			name = "[CP] Embed Pods Frameworks";
			outputPaths = (
				"${TARGET_BUILD_DIR}/${FRAMEWORKS_FOLDER_PATH}/Socket.framework",
			);
			runOnlyForDeploymentPostprocessing = 0;
			shellPath = /bin/sh;
			shellScript = "\"${SRCROOT}/Pods/Target Support Files/Pods-BlueSocketNetworking/Pods-BlueSocketNetworking-frameworks.sh\"\n";
			showEnvVarsInLog = 0;
		};
/* End PBXShellScriptBuildPhase section */

/* Begin PBXSourcesBuildPhase section */
		007B816720D18A890081D107 /* Sources */ = {
			isa = PBXSourcesBuildPhase;
			buildActionMask = 2147483647;
			files = (
				007B817120D18A890081D107 /* ViewController.swift in Sources */,
				007B818320D1AF210081D107 /* VisionData.swift in Sources */,
				007B816F20D18A890081D107 /* AppDelegate.swift in Sources */,
				007B818120D18EF00081D107 /* Socket.swift in Sources */,
			);
			runOnlyForDeploymentPostprocessing = 0;
		};
/* End PBXSourcesBuildPhase section */

/* Begin PBXVariantGroup section */
		007B817220D18A890081D107 /* Main.storyboard */ = {
			isa = PBXVariantGroup;
			children = (
				007B817320D18A890081D107 /* Base */,
			);
			name = Main.storyboard;
			sourceTree = "<group>";
		};
		007B817720D18A8A0081D107 /* LaunchScreen.storyboard */ = {
			isa = PBXVariantGroup;
			children = (
				007B817820D18A8A0081D107 /* Base */,
			);
			name = LaunchScreen.storyboard;
			sourceTree = "<group>";
		};
/* End PBXVariantGroup section */

/* Begin XCBuildConfiguration section */
		007B817B20D18A8A0081D107 /* Debug */ = {
			isa = XCBuildConfiguration;
			buildSettings = {
				ALWAYS_SEARCH_USER_PATHS = NO;
				CLANG_ANALYZER_NONNULL = YES;
				CLANG_ANALYZER_NUMBER_OBJECT_CONVERSION = YES_AGGRESSIVE;
				CLANG_CXX_LANGUAGE_STANDARD = "gnu++14";
				CLANG_CXX_LIBRARY = "libc++";
				CLANG_ENABLE_MODULES = YES;
				CLANG_ENABLE_OBJC_ARC = YES;
				CLANG_ENABLE_OBJC_WEAK = YES;
				CLANG_WARN_BLOCK_CAPTURE_AUTORELEASING = YES;
				CLANG_WARN_BOOL_CONVERSION = YES;
				CLANG_WARN_COMMA = YES;
				CLANG_WARN_CONSTANT_CONVERSION = YES;
				CLANG_WARN_DEPRECATED_OBJC_IMPLEMENTATIONS = YES;
				CLANG_WARN_DIRECT_OBJC_ISA_USAGE = YES_ERROR;
				CLANG_WARN_DOCUMENTATION_COMMENTS = YES;
				CLANG_WARN_EMPTY_BODY = YES;
				CLANG_WARN_ENUM_CONVERSION = YES;
				CLANG_WARN_INFINITE_RECURSION = YES;
				CLANG_WARN_INT_CONVERSION = YES;
				CLANG_WARN_NON_LITERAL_NULL_CONVERSION = YES;
				CLANG_WARN_OBJC_IMPLICIT_RETAIN_SELF = YES;
				CLANG_WARN_OBJC_LITERAL_CONVERSION = YES;
				CLANG_WARN_OBJC_ROOT_CLASS = YES_ERROR;
				CLANG_WARN_RANGE_LOOP_ANALYSIS = YES;
				CLANG_WARN_STRICT_PROTOTYPES = YES;
				CLANG_WARN_SUSPICIOUS_MOVE = YES;
				CLANG_WARN_UNGUARDED_AVAILABILITY = YES_AGGRESSIVE;
				CLANG_WARN_UNREACHABLE_CODE = YES;
				CLANG_WARN__DUPLICATE_METHOD_MATCH = YES;
				CODE_SIGN_IDENTITY = "iPhone Developer";
				COPY_PHASE_STRIP = NO;
				DEBUG_INFORMATION_FORMAT = dwarf;
				ENABLE_STRICT_OBJC_MSGSEND = YES;
				ENABLE_TESTABILITY = YES;
				GCC_C_LANGUAGE_STANDARD = gnu11;
				GCC_DYNAMIC_NO_PIC = NO;
				GCC_NO_COMMON_BLOCKS = YES;
				GCC_OPTIMIZATION_LEVEL = 0;
				GCC_PREPROCESSOR_DEFINITIONS = (
					"DEBUG=1",
					"$(inherited)",
				);
				GCC_WARN_64_TO_32_BIT_CONVERSION = YES;
				GCC_WARN_ABOUT_RETURN_TYPE = YES_ERROR;
				GCC_WARN_UNDECLARED_SELECTOR = YES;
				GCC_WARN_UNINITIALIZED_AUTOS = YES_AGGRESSIVE;
				GCC_WARN_UNUSED_FUNCTION = YES;
				GCC_WARN_UNUSED_VARIABLE = YES;
				IPHONEOS_DEPLOYMENT_TARGET = 11.4;
				MACOSX_DEPLOYMENT_TARGET = 10.13;
				MTL_ENABLE_DEBUG_INFO = YES;
				ONLY_ACTIVE_ARCH = YES;
				SDKROOT = iphoneos;
				SWIFT_ACTIVE_COMPILATION_CONDITIONS = DEBUG;
				SWIFT_OPTIMIZATION_LEVEL = "-Onone";
			};
			name = Debug;
		};
		007B817C20D18A8A0081D107 /* Release */ = {
			isa = XCBuildConfiguration;
			buildSettings = {
				ALWAYS_SEARCH_USER_PATHS = NO;
				CLANG_ANALYZER_NONNULL = YES;
				CLANG_ANALYZER_NUMBER_OBJECT_CONVERSION = YES_AGGRESSIVE;
				CLANG_CXX_LANGUAGE_STANDARD = "gnu++14";
				CLANG_CXX_LIBRARY = "libc++";
				CLANG_ENABLE_MODULES = YES;
				CLANG_ENABLE_OBJC_ARC = YES;
				CLANG_ENABLE_OBJC_WEAK = YES;
				CLANG_WARN_BLOCK_CAPTURE_AUTORELEASING = YES;
				CLANG_WARN_BOOL_CONVERSION = YES;
				CLANG_WARN_COMMA = YES;
				CLANG_WARN_CONSTANT_CONVERSION = YES;
				CLANG_WARN_DEPRECATED_OBJC_IMPLEMENTATIONS = YES;
				CLANG_WARN_DIRECT_OBJC_ISA_USAGE = YES_ERROR;
				CLANG_WARN_DOCUMENTATION_COMMENTS = YES;
				CLANG_WARN_EMPTY_BODY = YES;
				CLANG_WARN_ENUM_CONVERSION = YES;
				CLANG_WARN_INFINITE_RECURSION = YES;
				CLANG_WARN_INT_CONVERSION = YES;
				CLANG_WARN_NON_LITERAL_NULL_CONVERSION = YES;
				CLANG_WARN_OBJC_IMPLICIT_RETAIN_SELF = YES;
				CLANG_WARN_OBJC_LITERAL_CONVERSION = YES;
				CLANG_WARN_OBJC_ROOT_CLASS = YES_ERROR;
				CLANG_WARN_RANGE_LOOP_ANALYSIS = YES;
				CLANG_WARN_STRICT_PROTOTYPES = YES;
				CLANG_WARN_SUSPICIOUS_MOVE = YES;
				CLANG_WARN_UNGUARDED_AVAILABILITY = YES_AGGRESSIVE;
				CLANG_WARN_UNREACHABLE_CODE = YES;
				CLANG_WARN__DUPLICATE_METHOD_MATCH = YES;
				CODE_SIGN_IDENTITY = "iPhone Developer";
				COPY_PHASE_STRIP = NO;
				DEBUG_INFORMATION_FORMAT = "dwarf-with-dsym";
				ENABLE_NS_ASSERTIONS = NO;
				ENABLE_STRICT_OBJC_MSGSEND = YES;
				GCC_C_LANGUAGE_STANDARD = gnu11;
				GCC_NO_COMMON_BLOCKS = YES;
				GCC_WARN_64_TO_32_BIT_CONVERSION = YES;
				GCC_WARN_ABOUT_RETURN_TYPE = YES_ERROR;
				GCC_WARN_UNDECLARED_SELECTOR = YES;
				GCC_WARN_UNINITIALIZED_AUTOS = YES_AGGRESSIVE;
				GCC_WARN_UNUSED_FUNCTION = YES;
				GCC_WARN_UNUSED_VARIABLE = YES;
				IPHONEOS_DEPLOYMENT_TARGET = 11.4;
				MACOSX_DEPLOYMENT_TARGET = 10.13;
				MTL_ENABLE_DEBUG_INFO = NO;
				SDKROOT = iphoneos;
				SWIFT_COMPILATION_MODE = wholemodule;
				SWIFT_OPTIMIZATION_LEVEL = "-O";
				VALIDATE_PRODUCT = YES;
			};
			name = Release;
		};
		007B817E20D18A8A0081D107 /* Debug */ = {
			isa = XCBuildConfiguration;
			baseConfigurationReference = F9505DAB63A62BF2CA55245B /* Pods-BlueSocketNetworking.debug.xcconfig */;
			buildSettings = {
				ASSETCATALOG_COMPILER_APPICON_NAME = AppIcon;
				CODE_SIGN_STYLE = Automatic;
				DEVELOPMENT_TEAM = 9PNHQ3XQ2M;
				INFOPLIST_FILE = BlueSocketNetworking/Info.plist;
				IPHONEOS_DEPLOYMENT_TARGET = 11.0;
				LD_RUNPATH_SEARCH_PATHS = (
					"$(inherited)",
					"@executable_path/Frameworks",
				);
				PRODUCT_BUNDLE_IDENTIFIER = com.CE.BlueSocketNetworking;
				PRODUCT_NAME = "$(TARGET_NAME)";
				SWIFT_VERSION = 4.0;
				TARGETED_DEVICE_FAMILY = "1,2";
			};
			name = Debug;
		};
		007B817F20D18A8A0081D107 /* Release */ = {
			isa = XCBuildConfiguration;
			baseConfigurationReference = EF1AD5A127DE1766B9E58E9A /* Pods-BlueSocketNetworking.release.xcconfig */;
			buildSettings = {
				ASSETCATALOG_COMPILER_APPICON_NAME = AppIcon;
				CODE_SIGN_STYLE = Automatic;
				DEVELOPMENT_TEAM = 9PNHQ3XQ2M;
				INFOPLIST_FILE = BlueSocketNetworking/Info.plist;
				IPHONEOS_DEPLOYMENT_TARGET = 11.0;
				LD_RUNPATH_SEARCH_PATHS = (
					"$(inherited)",
					"@executable_path/Frameworks",
				);
				PRODUCT_BUNDLE_IDENTIFIER = com.CE.BlueSocketNetworking;
				PRODUCT_NAME = "$(TARGET_NAME)";
				SWIFT_VERSION = 4.0;
				TARGETED_DEVICE_FAMILY = "1,2";
			};
			name = Release;
		};
/* End XCBuildConfiguration section */

/* Begin XCConfigurationList section */
		007B816620D18A890081D107 /* Build configuration list for PBXProject "BlueSocketNetworking" */ = {
			isa = XCConfigurationList;
			buildConfigurations = (
				007B817B20D18A8A0081D107 /* Debug */,
				007B817C20D18A8A0081D107 /* Release */,
			);
			defaultConfigurationIsVisible = 0;
			defaultConfigurationName = Release;
		};
		007B817D20D18A8A0081D107 /* Build configuration list for PBXNativeTarget "BlueSocketNetworking" */ = {
			isa = XCConfigurationList;
			buildConfigurations = (
				007B817E20D18A8A0081D107 /* Debug */,
				007B817F20D18A8A0081D107 /* Release */,
			);
			defaultConfigurationIsVisible = 0;
			defaultConfigurationName = Release;
		};
/* End XCConfigurationList section */
	};
	rootObject = 007B816320D18A890081D107 /* Project object */;
}
